
Microsoft Visual Studio Solution File, Format Version 12.00
# Visual Studio Version 16
VisualStudioVersion = 16.0.29326.143
MinimumVisualStudioVersion = 10.0.40219.1
Project("{2150E333-8FDC-42A3-9474-1A3956D46DE8}") = "Batchs", "Batchs", "{CD6DF7D8-C1FE-421E-8711-5F69E5F19340}"
EndProject
Project("{9A19103F-16F7-4668-BE54-9A1E7A4F7556}") = "MyCustomBusiness", "MyCustomBusiness\MyCustomBusiness.csproj", "{1F473E6A-CC8B-43D6-BE94-CDF818A5F77B}"
EndProject
Project("{2150E333-8FDC-42A3-9474-1A3956D46DE8}") = "Workflows", "Workflows", "{E8BDCA9E-26CD-4CAA-BFBC-FA98640B97D4}"
EndProject
Project("{2150E333-8FDC-42A3-9474-1A3956D46DE8}") = "links", "links", "{95138B90-5A57-464B-B07E-E363B62A6320}"
EndProject
Project("{9A19103F-16F7-4668-BE54-9A1E7A4F7556}") = "Workflows", "Black.Beard.Web.Workflow\Workflows.csproj", "{C8274623-FE54-41E3-8A1C-7F165A8CE91B}"
EndProject
Project("{9A19103F-16F7-4668-BE54-9A1E7A4F7556}") = "Black.Beard.Logs.Serilog", "Black.Beard.Logs.Serilog\Black.Beard.Logs.Serilog.csproj", "{523A2F76-CAD7-433E-8F71-B06C14BBDDBE}"
EndProject
Project("{2150E333-8FDC-42A3-9474-1A3956D46DE8}") = "Host", "Host", "{DC6F5796-B9E3-4E08-8B0D-C1F28707AB24}"
EndProject
Project("{9A19103F-16F7-4668-BE54-9A1E7A4F7556}") = "Black.Beard.Security.Bearer", "Black.Beard.Security.Bearer\Black.Beard.Security.Bearer.csproj", "{B1026C2D-A626-4E8F-9D01-537D05B9E479}"
EndProject
Project("{9A19103F-16F7-4668-BE54-9A1E7A4F7556}") = "Black.Beard.Web.Contracts", "Black.Beard.Web.Contracts\Black.Beard.Web.Contracts.csproj", "{EF9DBFF7-DAA5-4B2C-AC27-E8F48774441B}"
EndProject
Project("{9A19103F-16F7-4668-BE54-9A1E7A4F7556}") = "CommonHost", "Black.Beard.CommonHost\CommonHost.csproj", "{7F7EF417-B9DB-4DF2-99B6-31E884B2D33B}"
EndProject
Project("{2150E333-8FDC-42A3-9474-1A3956D46DE8}") = "Commons", "Commons", "{9FBB2256-BBC5-4CED-B136-1F5919276354}"
EndProject
Project("{2150E333-8FDC-42A3-9474-1A3956D46DE8}") = "Links", "Links", "{1A464E72-A2E8-453D-B778-1D3A563CF8AF}"
EndProject
Project("{2150E333-8FDC-42A3-9474-1A3956D46DE8}") = "ActionBus", "ActionBus", "{6A8BB8FA-7001-4B06-822B-AE146BFD473F}"
EndProject
Project("{2150E333-8FDC-42A3-9474-1A3956D46DE8}") = "Links", "Links", "{B0449951-FC19-47D5-A3B4-E8E130EE6206}"
EndProject
Project("{9A19103F-16F7-4668-BE54-9A1E7A4F7556}") = "Black.Beard.ComponentModel.Attributes", "..\..\..\Sdk\Black.Beard.ComponentModel\Src\Black.Beard.ComponentModel.Attributes\Black.Beard.ComponentModel.Attributes.csproj", "{73DF8274-85EF-42E7-A289-1428ACE0EC78}"
EndProject
Project("{9A19103F-16F7-4668-BE54-9A1E7A4F7556}") = "Black.Beard.ComponentModel", "..\..\..\Sdk\Black.Beard.ComponentModel\Src\Black.Beard.ComponentModel\Black.Beard.ComponentModel.csproj", "{C9878226-1AB4-488D-9B06-B861DD53A262}"
EndProject
Project("{9A19103F-16F7-4668-BE54-9A1E7A4F7556}") = "Black.Beard.Expressions", "..\..\..\Sdk\Black.Beard.Expressions\Src\Black.Beard.Expressions\Black.Beard.Expressions.csproj", "{178B8503-D1F8-4AD8-BB6C-1D271AED1894}"
EndProject
Project("{9A19103F-16F7-4668-BE54-9A1E7A4F7556}") = "Black.Beard.Workflows.Models", "..\..\..\Sdk\Workflow\Src\Black.Beard.Workflows.Models\Black.Beard.Workflows.Models.csproj", "{6C5B71DC-A849-47ED-8EEB-81A043AC01AB}"
EndProject
Project("{9A19103F-16F7-4668-BE54-9A1E7A4F7556}") = "Black.Beard.Workflows.AntlrParser", "..\..\..\Sdk\Workflow\Src\Black.beard.Workflow.AntlrParser\Black.Beard.Workflows.AntlrParser.csproj", "{6F91887E-3B14-4136-8C0C-34FCECB52D4D}"
EndProject
Project("{9A19103F-16F7-4668-BE54-9A1E7A4F7556}") = "Black.Beard.Workflows.serializers", "..\..\..\Sdk\Workflow\Src\WorkflowSerializers\Black.Beard.Workflows.serializers.csproj", "{DDE1CB18-4367-4366-9282-05B360159278}"
EndProject
Project("{9A19103F-16F7-4668-BE54-9A1E7A4F7556}") = "Black.Beard.Workflows.Outputs.Mom", "..\..\..\Sdk\Workflow\Src\Black.Beard.Workflows.Outputs.Mom\Black.Beard.Workflows.Outputs.Mom.csproj", "{AC5B7511-771F-4893-BF14-5A7D26555DD2}"
EndProject
Project("{9A19103F-16F7-4668-BE54-9A1E7A4F7556}") = "Black.Beard.ActionBus", "..\..\..\Sdk\ActionBus\src\Black.Beard.ActionBus\Black.Beard.ActionBus.csproj", "{9145EB84-C11B-4CAD-A4E7-9E7DB3158CED}"
EndProject
Project("{9A19103F-16F7-4668-BE54-9A1E7A4F7556}") = "BusAction", "Black.Beard.Web.BusAction\BusAction.csproj", "{3EC3F4A0-EC76-4D3B-A971-22E261C1C0C7}"
EndProject
Project("{9A19103F-16F7-4668-BE54-9A1E7A4F7556}") = "Black.Beard.Reminder.Contracts", "..\..\Reminder\Src\Black.Beard.Reminder.Contracts\Black.Beard.Reminder.Contracts.csproj", "{CA620C27-1FE8-403C-BE7F-4135A82B7CC1}"
EndProject
Project("{9A19103F-16F7-4668-BE54-9A1E7A4F7556}") = "Black.Beard.Reminder", "..\..\Reminder\Src\Black.Beard.Reminder\Black.Beard.Reminder.csproj", "{30DF9460-F6EC-4DAC-A9FC-6D9CE1CC1525}"
EndProject
Project("{9A19103F-16F7-4668-BE54-9A1E7A4F7556}") = "Black.Beard.ReminderStore.Sgbd", "..\..\Reminder\Src\Black.Beard.ReminderStore.Sgbd\Black.Beard.ReminderStore.Sgbd.csproj", "{E2D7D924-2377-405E-B6D8-A89B561A7B78}"
EndProject
Project("{9A19103F-16F7-4668-BE54-9A1E7A4F7556}") = "Black.Beard.ActionBus.Messages", "..\..\..\Sdk\ActionBus\src\Black.Beard.ActionBus.Messages\Black.Beard.ActionBus.Messages.csproj", "{C49D885E-CFC2-45DA-8DDC-5154BF0E346D}"
EndProject
Project("{9A19103F-16F7-4668-BE54-9A1E7A4F7556}") = "Black.Beard.Workflows.Outputs.Sql", "..\..\..\Sdk\Workflow\Src\Black.Beard.Workflows.Outputs.Sql\Black.Beard.Workflows.Outputs.Sql.csproj", "{65868052-7725-4B71-8CF0-D78F90AA1F69}"
EndProject
Global
	GlobalSection(SolutionConfigurationPlatforms) = preSolution
		Debug|Any CPU = Debug|Any CPU
		Release|Any CPU = Release|Any CPU
	EndGlobalSection
	GlobalSection(ProjectConfigurationPlatforms) = postSolution
		{1F473E6A-CC8B-43D6-BE94-CDF818A5F77B}.Debug|Any CPU.ActiveCfg = Debug|Any CPU
		{1F473E6A-CC8B-43D6-BE94-CDF818A5F77B}.Debug|Any CPU.Build.0 = Debug|Any CPU
		{1F473E6A-CC8B-43D6-BE94-CDF818A5F77B}.Release|Any CPU.ActiveCfg = Release|Any CPU
		{1F473E6A-CC8B-43D6-BE94-CDF818A5F77B}.Release|Any CPU.Build.0 = Release|Any CPU
		{C8274623-FE54-41E3-8A1C-7F165A8CE91B}.Debug|Any CPU.ActiveCfg = Debug|Any CPU
		{C8274623-FE54-41E3-8A1C-7F165A8CE91B}.Debug|Any CPU.Build.0 = Debug|Any CPU
		{C8274623-FE54-41E3-8A1C-7F165A8CE91B}.Release|Any CPU.ActiveCfg = Release|Any CPU
		{C8274623-FE54-41E3-8A1C-7F165A8CE91B}.Release|Any CPU.Build.0 = Release|Any CPU
		{523A2F76-CAD7-433E-8F71-B06C14BBDDBE}.Debug|Any CPU.ActiveCfg = Debug|Any CPU
		{523A2F76-CAD7-433E-8F71-B06C14BBDDBE}.Debug|Any CPU.Build.0 = Debug|Any CPU
		{523A2F76-CAD7-433E-8F71-B06C14BBDDBE}.Release|Any CPU.ActiveCfg = Release|Any CPU
		{523A2F76-CAD7-433E-8F71-B06C14BBDDBE}.Release|Any CPU.Build.0 = Release|Any CPU
		{B1026C2D-A626-4E8F-9D01-537D05B9E479}.Debug|Any CPU.ActiveCfg = Debug|Any CPU
		{B1026C2D-A626-4E8F-9D01-537D05B9E479}.Debug|Any CPU.Build.0 = Debug|Any CPU
		{B1026C2D-A626-4E8F-9D01-537D05B9E479}.Release|Any CPU.ActiveCfg = Release|Any CPU
		{B1026C2D-A626-4E8F-9D01-537D05B9E479}.Release|Any CPU.Build.0 = Release|Any CPU
		{EF9DBFF7-DAA5-4B2C-AC27-E8F48774441B}.Debug|Any CPU.ActiveCfg = Debug|Any CPU
		{EF9DBFF7-DAA5-4B2C-AC27-E8F48774441B}.Debug|Any CPU.Build.0 = Debug|Any CPU
		{EF9DBFF7-DAA5-4B2C-AC27-E8F48774441B}.Release|Any CPU.ActiveCfg = Release|Any CPU
		{EF9DBFF7-DAA5-4B2C-AC27-E8F48774441B}.Release|Any CPU.Build.0 = Release|Any CPU
		{7F7EF417-B9DB-4DF2-99B6-31E884B2D33B}.Debug|Any CPU.ActiveCfg = Debug|Any CPU
		{7F7EF417-B9DB-4DF2-99B6-31E884B2D33B}.Debug|Any CPU.Build.0 = Debug|Any CPU
		{7F7EF417-B9DB-4DF2-99B6-31E884B2D33B}.Release|Any CPU.ActiveCfg = Release|Any CPU
		{7F7EF417-B9DB-4DF2-99B6-31E884B2D33B}.Release|Any CPU.Build.0 = Release|Any CPU
		{73DF8274-85EF-42E7-A289-1428ACE0EC78}.Debug|Any CPU.ActiveCfg = Debug|Any CPU
		{73DF8274-85EF-42E7-A289-1428ACE0EC78}.Debug|Any CPU.Build.0 = Debug|Any CPU
		{73DF8274-85EF-42E7-A289-1428ACE0EC78}.Release|Any CPU.ActiveCfg = Release|Any CPU
		{73DF8274-85EF-42E7-A289-1428ACE0EC78}.Release|Any CPU.Build.0 = Release|Any CPU
		{C9878226-1AB4-488D-9B06-B861DD53A262}.Debug|Any CPU.ActiveCfg = Debug|Any CPU
		{C9878226-1AB4-488D-9B06-B861DD53A262}.Debug|Any CPU.Build.0 = Debug|Any CPU
		{C9878226-1AB4-488D-9B06-B861DD53A262}.Release|Any CPU.ActiveCfg = Release|Any CPU
		{C9878226-1AB4-488D-9B06-B861DD53A262}.Release|Any CPU.Build.0 = Release|Any CPU
		{178B8503-D1F8-4AD8-BB6C-1D271AED1894}.Debug|Any CPU.ActiveCfg = Debug|Any CPU
		{178B8503-D1F8-4AD8-BB6C-1D271AED1894}.Debug|Any CPU.Build.0 = Debug|Any CPU
		{178B8503-D1F8-4AD8-BB6C-1D271AED1894}.Release|Any CPU.ActiveCfg = Release|Any CPU
		{178B8503-D1F8-4AD8-BB6C-1D271AED1894}.Release|Any CPU.Build.0 = Release|Any CPU
		{6C5B71DC-A849-47ED-8EEB-81A043AC01AB}.Debug|Any CPU.ActiveCfg = Debug|Any CPU
		{6C5B71DC-A849-47ED-8EEB-81A043AC01AB}.Debug|Any CPU.Build.0 = Debug|Any CPU
		{6C5B71DC-A849-47ED-8EEB-81A043AC01AB}.Release|Any CPU.ActiveCfg = Release|Any CPU
		{6C5B71DC-A849-47ED-8EEB-81A043AC01AB}.Release|Any CPU.Build.0 = Release|Any CPU
		{6F91887E-3B14-4136-8C0C-34FCECB52D4D}.Debug|Any CPU.ActiveCfg = Debug|Any CPU
		{6F91887E-3B14-4136-8C0C-34FCECB52D4D}.Debug|Any CPU.Build.0 = Debug|Any CPU
		{6F91887E-3B14-4136-8C0C-34FCECB52D4D}.Release|Any CPU.ActiveCfg = Release|Any CPU
		{6F91887E-3B14-4136-8C0C-34FCECB52D4D}.Release|Any CPU.Build.0 = Release|Any CPU
		{DDE1CB18-4367-4366-9282-05B360159278}.Debug|Any CPU.ActiveCfg = Debug|Any CPU
		{DDE1CB18-4367-4366-9282-05B360159278}.Debug|Any CPU.Build.0 = Debug|Any CPU
		{DDE1CB18-4367-4366-9282-05B360159278}.Release|Any CPU.ActiveCfg = Release|Any CPU
		{DDE1CB18-4367-4366-9282-05B360159278}.Release|Any CPU.Build.0 = Release|Any CPU
		{AC5B7511-771F-4893-BF14-5A7D26555DD2}.Debug|Any CPU.ActiveCfg = Debug|Any CPU
		{AC5B7511-771F-4893-BF14-5A7D26555DD2}.Debug|Any CPU.Build.0 = Debug|Any CPU
		{AC5B7511-771F-4893-BF14-5A7D26555DD2}.Release|Any CPU.ActiveCfg = Release|Any CPU
		{AC5B7511-771F-4893-BF14-5A7D26555DD2}.Release|Any CPU.Build.0 = Release|Any CPU
		{9145EB84-C11B-4CAD-A4E7-9E7DB3158CED}.Debug|Any CPU.ActiveCfg = Debug|Any CPU
		{9145EB84-C11B-4CAD-A4E7-9E7DB3158CED}.Debug|Any CPU.Build.0 = Debug|Any CPU
		{9145EB84-C11B-4CAD-A4E7-9E7DB3158CED}.Release|Any CPU.ActiveCfg = Release|Any CPU
		{9145EB84-C11B-4CAD-A4E7-9E7DB3158CED}.Release|Any CPU.Build.0 = Release|Any CPU
		{3EC3F4A0-EC76-4D3B-A971-22E261C1C0C7}.Debug|Any CPU.ActiveCfg = Debug|Any CPU
		{3EC3F4A0-EC76-4D3B-A971-22E261C1C0C7}.Debug|Any CPU.Build.0 = Debug|Any CPU
		{3EC3F4A0-EC76-4D3B-A971-22E261C1C0C7}.Release|Any CPU.ActiveCfg = Release|Any CPU
		{3EC3F4A0-EC76-4D3B-A971-22E261C1C0C7}.Release|Any CPU.Build.0 = Release|Any CPU
		{CA620C27-1FE8-403C-BE7F-4135A82B7CC1}.Debug|Any CPU.ActiveCfg = Debug|Any CPU
		{CA620C27-1FE8-403C-BE7F-4135A82B7CC1}.Debug|Any CPU.Build.0 = Debug|Any CPU
		{CA620C27-1FE8-403C-BE7F-4135A82B7CC1}.Release|Any CPU.ActiveCfg = Release|Any CPU
		{CA620C27-1FE8-403C-BE7F-4135A82B7CC1}.Release|Any CPU.Build.0 = Release|Any CPU
		{30DF9460-F6EC-4DAC-A9FC-6D9CE1CC1525}.Debug|Any CPU.ActiveCfg = Debug|Any CPU
		{30DF9460-F6EC-4DAC-A9FC-6D9CE1CC1525}.Debug|Any CPU.Build.0 = Debug|Any CPU
		{30DF9460-F6EC-4DAC-A9FC-6D9CE1CC1525}.Release|Any CPU.ActiveCfg = Release|Any CPU
		{30DF9460-F6EC-4DAC-A9FC-6D9CE1CC1525}.Release|Any CPU.Build.0 = Release|Any CPU
		{E2D7D924-2377-405E-B6D8-A89B561A7B78}.Debug|Any CPU.ActiveCfg = Debug|Any CPU
		{E2D7D924-2377-405E-B6D8-A89B561A7B78}.Debug|Any CPU.Build.0 = Debug|Any CPU
		{E2D7D924-2377-405E-B6D8-A89B561A7B78}.Release|Any CPU.ActiveCfg = Release|Any CPU
		{E2D7D924-2377-405E-B6D8-A89B561A7B78}.Release|Any CPU.Build.0 = Release|Any CPU
		{C49D885E-CFC2-45DA-8DDC-5154BF0E346D}.Debug|Any CPU.ActiveCfg = Debug|Any CPU
		{C49D885E-CFC2-45DA-8DDC-5154BF0E346D}.Debug|Any CPU.Build.0 = Debug|Any CPU
		{C49D885E-CFC2-45DA-8DDC-5154BF0E346D}.Release|Any CPU.ActiveCfg = Release|Any CPU
		{C49D885E-CFC2-45DA-8DDC-5154BF0E346D}.Release|Any CPU.Build.0 = Release|Any CPU
		{65868052-7725-4B71-8CF0-D78F90AA1F69}.Debug|Any CPU.ActiveCfg = Debug|Any CPU
		{65868052-7725-4B71-8CF0-D78F90AA1F69}.Debug|Any CPU.Build.0 = Debug|Any CPU
		{65868052-7725-4B71-8CF0-D78F90AA1F69}.Release|Any CPU.ActiveCfg = Release|Any CPU
		{65868052-7725-4B71-8CF0-D78F90AA1F69}.Release|Any CPU.Build.0 = Release|Any CPU
	EndGlobalSection
	GlobalSection(SolutionProperties) = preSolution
		HideSolutionNode = FALSE
	EndGlobalSection
	GlobalSection(NestedProjects) = preSolution
		{E8BDCA9E-26CD-4CAA-BFBC-FA98640B97D4} = {CD6DF7D8-C1FE-421E-8711-5F69E5F19340}
		{95138B90-5A57-464B-B07E-E363B62A6320} = {E8BDCA9E-26CD-4CAA-BFBC-FA98640B97D4}
		{C8274623-FE54-41E3-8A1C-7F165A8CE91B} = {E8BDCA9E-26CD-4CAA-BFBC-FA98640B97D4}
		{523A2F76-CAD7-433E-8F71-B06C14BBDDBE} = {1A464E72-A2E8-453D-B778-1D3A563CF8AF}
		{DC6F5796-B9E3-4E08-8B0D-C1F28707AB24} = {9FBB2256-BBC5-4CED-B136-1F5919276354}
		{B1026C2D-A626-4E8F-9D01-537D05B9E479} = {1A464E72-A2E8-453D-B778-1D3A563CF8AF}
		{EF9DBFF7-DAA5-4B2C-AC27-E8F48774441B} = {DC6F5796-B9E3-4E08-8B0D-C1F28707AB24}
		{7F7EF417-B9DB-4DF2-99B6-31E884B2D33B} = {DC6F5796-B9E3-4E08-8B0D-C1F28707AB24}
		{9FBB2256-BBC5-4CED-B136-1F5919276354} = {CD6DF7D8-C1FE-421E-8711-5F69E5F19340}
		{1A464E72-A2E8-453D-B778-1D3A563CF8AF} = {9FBB2256-BBC5-4CED-B136-1F5919276354}
		{6A8BB8FA-7001-4B06-822B-AE146BFD473F} = {CD6DF7D8-C1FE-421E-8711-5F69E5F19340}
		{B0449951-FC19-47D5-A3B4-E8E130EE6206} = {6A8BB8FA-7001-4B06-822B-AE146BFD473F}
		{73DF8274-85EF-42E7-A289-1428ACE0EC78} = {1A464E72-A2E8-453D-B778-1D3A563CF8AF}
		{C9878226-1AB4-488D-9B06-B861DD53A262} = {1A464E72-A2E8-453D-B778-1D3A563CF8AF}
		{178B8503-D1F8-4AD8-BB6C-1D271AED1894} = {1A464E72-A2E8-453D-B778-1D3A563CF8AF}
		{6C5B71DC-A849-47ED-8EEB-81A043AC01AB} = {95138B90-5A57-464B-B07E-E363B62A6320}
		{6F91887E-3B14-4136-8C0C-34FCECB52D4D} = {95138B90-5A57-464B-B07E-E363B62A6320}
		{DDE1CB18-4367-4366-9282-05B360159278} = {95138B90-5A57-464B-B07E-E363B62A6320}
		{AC5B7511-771F-4893-BF14-5A7D26555DD2} = {95138B90-5A57-464B-B07E-E363B62A6320}
		{9145EB84-C11B-4CAD-A4E7-9E7DB3158CED} = {B0449951-FC19-47D5-A3B4-E8E130EE6206}
		{3EC3F4A0-EC76-4D3B-A971-22E261C1C0C7} = {6A8BB8FA-7001-4B06-822B-AE146BFD473F}
		{CA620C27-1FE8-403C-BE7F-4135A82B7CC1} = {B0449951-FC19-47D5-A3B4-E8E130EE6206}
		{30DF9460-F6EC-4DAC-A9FC-6D9CE1CC1525} = {B0449951-FC19-47D5-A3B4-E8E130EE6206}
		{E2D7D924-2377-405E-B6D8-A89B561A7B78} = {B0449951-FC19-47D5-A3B4-E8E130EE6206}
		{C49D885E-CFC2-45DA-8DDC-5154BF0E346D} = {B0449951-FC19-47D5-A3B4-E8E130EE6206}
		{65868052-7725-4B71-8CF0-D78F90AA1F69} = {95138B90-5A57-464B-B07E-E363B62A6320}
	EndGlobalSection
	GlobalSection(ExtensibilityGlobals) = postSolution
		SolutionGuid = {1294FDE4-942A-469D-9D6F-D4EC5209ACE2}
	EndGlobalSection
EndGlobal
