
Microsoft Visual Studio Solution File, Format Version 12.00
# Visual Studio Version 16
VisualStudioVersion = 16.0.29326.143
MinimumVisualStudioVersion = 10.0.40219.1
Project("{9A19103F-16F7-4668-BE54-9A1E7A4F7556}") = "MolecularClient", "MolecularClient\MolecularClient.csproj", "{F22994E0-040A-4C1E-8F06-D7E4E9669ACC}"
EndProject
Project("{9A19103F-16F7-4668-BE54-9A1E7A4F7556}") = "Black.Beard.Sdk.HttpClient", "Black.Beard.Sdk.HttpClient\Black.Beard.Sdk.HttpClient.csproj", "{0C77C306-3FFC-46C4-97A3-906FD4C95F20}"
EndProject
Global
	GlobalSection(SolutionConfigurationPlatforms) = preSolution
		Debug|Any CPU = Debug|Any CPU
		Release|Any CPU = Release|Any CPU
	EndGlobalSection
	GlobalSection(ProjectConfigurationPlatforms) = postSolution
		{F22994E0-040A-4C1E-8F06-D7E4E9669ACC}.Debug|Any CPU.ActiveCfg = Debug|Any CPU
		{F22994E0-040A-4C1E-8F06-D7E4E9669ACC}.Debug|Any CPU.Build.0 = Debug|Any CPU
		{F22994E0-040A-4C1E-8F06-D7E4E9669ACC}.Release|Any CPU.ActiveCfg = Release|Any CPU
		{F22994E0-040A-4C1E-8F06-D7E4E9669ACC}.Release|Any CPU.Build.0 = Release|Any CPU
		{0C77C306-3FFC-46C4-97A3-906FD4C95F20}.Debug|Any CPU.ActiveCfg = Debug|Any CPU
		{0C77C306-3FFC-46C4-97A3-906FD4C95F20}.Debug|Any CPU.Build.0 = Debug|Any CPU
		{0C77C306-3FFC-46C4-97A3-906FD4C95F20}.Release|Any CPU.ActiveCfg = Release|Any CPU
		{0C77C306-3FFC-46C4-97A3-906FD4C95F20}.Release|Any CPU.Build.0 = Release|Any CPU
	EndGlobalSection
	GlobalSection(SolutionProperties) = preSolution
		HideSolutionNode = FALSE
	EndGlobalSection
	GlobalSection(ExtensibilityGlobals) = postSolution
		SolutionGuid = {1294FDE4-942A-469D-9D6F-D4EC5209ACE2}
	EndGlobalSection
EndGlobal
